{
  "version": "5",
  "specifiers": {
    "npm:@biomejs/biome@*": "2.4.4",
    "npm:vite@*": "7.3.1_picomatch@4.0.3"
  },
  "npm": {
    "@biomejs/biome@2.4.4": {
      "integrity": "sha512-tigwWS5KfJf0cABVd52NVaXyAVv4qpUXOWJ1rxFL8xF1RVoeS2q/LK+FHgYoKMclJCuRoCWAPy1IXaN9/mS61Q==",
      "optionalDependencies": [
        "@biomejs/cli-darwin-arm64",
        "@biomejs/cli-darwin-x64",
        "@biomejs/cli-linux-arm64",
        "@biomejs/cli-linux-arm64-musl",
        "@biomejs/cli-linux-x64",
        "@biomejs/cli-linux-x64-musl",
        "@biomejs/cli-win32-arm64",
        "@biomejs/cli-win32-x64"
      ],
      "bin": true
    },
    "@biomejs/cli-darwin-arm64@2.4.4": {
      "integrity": "sha512-jZ+Xc6qvD6tTH5jM6eKX44dcbyNqJHssfl2nnwT6vma6B1sj7ZLTGIk6N5QwVBs5xGN52r3trk5fgd3sQ9We9A==",
      "os": ["darwin"],
      "cpu": ["arm64"]
    },
    "@biomejs/cli-darwin-x64@2.4.4": {
      "integrity": "sha512-Dh1a/+W+SUCXhEdL7TiX3ArPTFCQKJTI1mGncZNWfO+6suk+gYA4lNyJcBB+pwvF49uw0pEbUS49BgYOY4hzUg==",
      "os": ["darwin"],
      "cpu": ["x64"]
    },
    "@biomejs/cli-linux-arm64-musl@2.4.4": {
      "integrity": "sha512-+sPAXq3bxmFwhVFJnSwkSF5Rw2ZAJMH3MF6C9IveAEOdSpgajPhoQhbbAK12SehN9j2QrHpk4J/cHsa/HqWaYQ==",
      "os": ["linux"],
      "cpu": ["arm64"]
    },
    "@biomejs/cli-linux-arm64@2.4.4": {
      "integrity": "sha512-V/NFfbWhsUU6w+m5WYbBenlEAz8eYnSqRMDMAW3K+3v0tYVkNyZn8VU0XPxk/lOqNXLSCCrV7FmV/u3SjCBShg==",
      "os": ["linux"],
      "cpu": ["arm64"]
    },
    "@biomejs/cli-linux-x64-musl@2.4.4": {
      "integrity": "sha512-gGvFTGpOIQDb5CQ2VC0n9Z2UEqlP46c4aNgHmAMytYieTGEcfqhfCFnhs6xjt0S3igE6q5GLuIXtdQt3Izok+g==",
      "os": ["linux"],
      "cpu": ["x64"]
    },
    "@biomejs/cli-linux-x64@2.4.4": {
      "integrity": "sha512-R4+ZCDtG9kHArasyBO+UBD6jr/FcFCTH8QkNTOCu0pRJzCWyWC4EtZa2AmUZB5h3e0jD7bRV2KvrENcf8rndBg==",
      "os": ["linux"],
      "cpu": ["x64"]
    },
    "@biomejs/cli-win32-arm64@2.4.4": {
      "integrity": "sha512-trzCqM7x+Gn832zZHgr28JoYagQNX4CZkUZhMUac2YxvvyDRLJDrb5m9IA7CaZLlX6lTQmADVfLEKP1et1Ma4Q==",
      "os": ["win32"],
      "cpu": ["arm64"]
    },
    "@biomejs/cli-win32-x64@2.4.4": {
      "integrity": "sha512-gnOHKVPFAAPrpoPt2t+Q6FZ7RPry/FDV3GcpU53P3PtLNnQjBmKyN2Vh/JtqXet+H4pme8CC76rScwdjDcT1/A==",
      "os": ["win32"],
      "cpu": ["x64"]
    },
    "@esbuild/aix-ppc64@0.27.3": {
      "integrity": "sha512-9fJMTNFTWZMh5qwrBItuziu834eOCUcEqymSH7pY+zoMVEZg3gcPuBNxH1EvfVYe9h0x/Ptw8KBzv7qxb7l8dg==",
      "os": ["aix"],
      "cpu": ["ppc64"]
    },
    "@esbuild/android-arm64@0.27.3": {
      "integrity": "sha512-YdghPYUmj/FX2SYKJ0OZxf+iaKgMsKHVPF1MAq/P8WirnSpCStzKJFjOjzsW0QQ7oIAiccHdcqjbHmJxRb/dmg==",
      "os": ["android"],
      "cpu": ["arm64"]
    },
    "@esbuild/android-arm@0.27.3": {
      "integrity": "sha512-i5D1hPY7GIQmXlXhs2w8AWHhenb00+GxjxRncS2ZM7YNVGNfaMxgzSGuO8o8SJzRc/oZwU2bcScvVERk03QhzA==",
      "os": ["android"],
      "cpu": ["arm"]
    },
    "@esbuild/android-x64@0.27.3": {
      "integrity": "sha512-IN/0BNTkHtk8lkOM8JWAYFg4ORxBkZQf9zXiEOfERX/CzxW3Vg1ewAhU7QSWQpVIzTW+b8Xy+lGzdYXV6UZObQ==",
      "os": ["android"],
      "cpu": ["x64"]
    },
    "@esbuild/darwin-arm64@0.27.3": {
      "integrity": "sha512-Re491k7ByTVRy0t3EKWajdLIr0gz2kKKfzafkth4Q8A5n1xTHrkqZgLLjFEHVD+AXdUGgQMq+Godfq45mGpCKg==",
      "os": ["darwin"],
      "cpu": ["arm64"]
    },
    "@esbuild/darwin-x64@0.27.3": {
      "integrity": "sha512-vHk/hA7/1AckjGzRqi6wbo+jaShzRowYip6rt6q7VYEDX4LEy1pZfDpdxCBnGtl+A5zq8iXDcyuxwtv3hNtHFg==",
      "os": ["darwin"],
      "cpu": ["x64"]
    },
    "@esbuild/freebsd-arm64@0.27.3": {
      "integrity": "sha512-ipTYM2fjt3kQAYOvo6vcxJx3nBYAzPjgTCk7QEgZG8AUO3ydUhvelmhrbOheMnGOlaSFUoHXB6un+A7q4ygY9w==",
      "os": ["freebsd"],
      "cpu": ["arm64"]
    },
    "@esbuild/freebsd-x64@0.27.3": {
      "integrity": "sha512-dDk0X87T7mI6U3K9VjWtHOXqwAMJBNN2r7bejDsc+j03SEjtD9HrOl8gVFByeM0aJksoUuUVU9TBaZa2rgj0oA==",
      "os": ["freebsd"],
      "cpu": ["x64"]
    },
    "@esbuild/linux-arm64@0.27.3": {
      "integrity": "sha512-sZOuFz/xWnZ4KH3YfFrKCf1WyPZHakVzTiqji3WDc0BCl2kBwiJLCXpzLzUBLgmp4veFZdvN5ChW4Eq/8Fc2Fg==",
      "os": ["linux"],
      "cpu": ["arm64"]
    },
    "@esbuild/linux-arm@0.27.3": {
      "integrity": "sha512-s6nPv2QkSupJwLYyfS+gwdirm0ukyTFNl3KTgZEAiJDd+iHZcbTPPcWCcRYH+WlNbwChgH2QkE9NSlNrMT8Gfw==",
      "os": ["linux"],
      "cpu": ["arm"]
    },
    "@esbuild/linux-ia32@0.27.3": {
      "integrity": "sha512-yGlQYjdxtLdh0a3jHjuwOrxQjOZYD/C9PfdbgJJF3TIZWnm/tMd/RcNiLngiu4iwcBAOezdnSLAwQDPqTmtTYg==",
      "os": ["linux"],
      "cpu": ["ia32"]
    },
    "@esbuild/linux-loong64@0.27.3": {
      "integrity": "sha512-WO60Sn8ly3gtzhyjATDgieJNet/KqsDlX5nRC5Y3oTFcS1l0KWba+SEa9Ja1GfDqSF1z6hif/SkpQJbL63cgOA==",
      "os": ["linux"],
      "cpu": ["loong64"]
    },
    "@esbuild/linux-mips64el@0.27.3": {
      "integrity": "sha512-APsymYA6sGcZ4pD6k+UxbDjOFSvPWyZhjaiPyl/f79xKxwTnrn5QUnXR5prvetuaSMsb4jgeHewIDCIWljrSxw==",
      "os": ["linux"],
      "cpu": ["mips64el"]
    },
    "@esbuild/linux-ppc64@0.27.3": {
      "integrity": "sha512-eizBnTeBefojtDb9nSh4vvVQ3V9Qf9Df01PfawPcRzJH4gFSgrObw+LveUyDoKU3kxi5+9RJTCWlj4FjYXVPEA==",
      "os": ["linux"],
      "cpu": ["ppc64"]
    },
    "@esbuild/linux-riscv64@0.27.3": {
      "integrity": "sha512-3Emwh0r5wmfm3ssTWRQSyVhbOHvqegUDRd0WhmXKX2mkHJe1SFCMJhagUleMq+Uci34wLSipf8Lagt4LlpRFWQ==",
      "os": ["linux"],
      "cpu": ["riscv64"]
    },
    "@esbuild/linux-s390x@0.27.3": {
      "integrity": "sha512-pBHUx9LzXWBc7MFIEEL0yD/ZVtNgLytvx60gES28GcWMqil8ElCYR4kvbV2BDqsHOvVDRrOxGySBM9Fcv744hw==",
      "os": ["linux"],
      "cpu": ["s390x"]
    },
    "@esbuild/linux-x64@0.27.3": {
      "integrity": "sha512-Czi8yzXUWIQYAtL/2y6vogER8pvcsOsk5cpwL4Gk5nJqH5UZiVByIY8Eorm5R13gq+DQKYg0+JyQoytLQas4dA==",
      "os": ["linux"],
      "cpu": ["x64"]
    },
    "@esbuild/netbsd-arm64@0.27.3": {
      "integrity": "sha512-sDpk0RgmTCR/5HguIZa9n9u+HVKf40fbEUt+iTzSnCaGvY9kFP0YKBWZtJaraonFnqef5SlJ8/TiPAxzyS+UoA==",
      "os": ["netbsd"],
      "cpu": ["arm64"]
    },
    "@esbuild/netbsd-x64@0.27.3": {
      "integrity": "sha512-P14lFKJl/DdaE00LItAukUdZO5iqNH7+PjoBm+fLQjtxfcfFE20Xf5CrLsmZdq5LFFZzb5JMZ9grUwvtVYzjiA==",
      "os": ["netbsd"],
      "cpu": ["x64"]
    },
    "@esbuild/openbsd-arm64@0.27.3": {
      "integrity": "sha512-AIcMP77AvirGbRl/UZFTq5hjXK+2wC7qFRGoHSDrZ5v5b8DK/GYpXW3CPRL53NkvDqb9D+alBiC/dV0Fb7eJcw==",
      "os": ["openbsd"],
      "cpu": ["arm64"]
    },
    "@esbuild/openbsd-x64@0.27.3": {
      "integrity": "sha512-DnW2sRrBzA+YnE70LKqnM3P+z8vehfJWHXECbwBmH/CU51z6FiqTQTHFenPlHmo3a8UgpLyH3PT+87OViOh1AQ==",
      "os": ["openbsd"],
      "cpu": ["x64"]
    },
    "@esbuild/openharmony-arm64@0.27.3": {
      "integrity": "sha512-NinAEgr/etERPTsZJ7aEZQvvg/A6IsZG/LgZy+81wON2huV7SrK3e63dU0XhyZP4RKGyTm7aOgmQk0bGp0fy2g==",
      "os": ["openharmony"],
      "cpu": ["arm64"]
    },
    "@esbuild/sunos-x64@0.27.3": {
      "integrity": "sha512-PanZ+nEz+eWoBJ8/f8HKxTTD172SKwdXebZ0ndd953gt1HRBbhMsaNqjTyYLGLPdoWHy4zLU7bDVJztF5f3BHA==",
      "os": ["sunos"],
      "cpu": ["x64"]
    },
    "@esbuild/win32-arm64@0.27.3": {
      "integrity": "sha512-B2t59lWWYrbRDw/tjiWOuzSsFh1Y/E95ofKz7rIVYSQkUYBjfSgf6oeYPNWHToFRr2zx52JKApIcAS/D5TUBnA==",
      "os": ["win32"],
      "cpu": ["arm64"]
    },
    "@esbuild/win32-ia32@0.27.3": {
      "integrity": "sha512-QLKSFeXNS8+tHW7tZpMtjlNb7HKau0QDpwm49u0vUp9y1WOF+PEzkU84y9GqYaAVW8aH8f3GcBck26jh54cX4Q==",
      "os": ["win32"],
      "cpu": ["ia32"]
    },
    "@esbuild/win32-x64@0.27.3": {
      "integrity": "sha512-4uJGhsxuptu3OcpVAzli+/gWusVGwZZHTlS63hh++ehExkVT8SgiEf7/uC/PclrPPkLhZqGgCTjd0VWLo6xMqA==",
      "os": ["win32"],
      "cpu": ["x64"]
    },
    "@rollup/rollup-android-arm-eabi@4.59.0": {
      "integrity": "sha512-upnNBkA6ZH2VKGcBj9Fyl9IGNPULcjXRlg0LLeaioQWueH30p6IXtJEbKAgvyv+mJaMxSm1l6xwDXYjpEMiLMg==",
      "os": ["android"],
      "cpu": ["arm"]
    },
    "@rollup/rollup-android-arm64@4.59.0": {
      "integrity": "sha512-hZ+Zxj3SySm4A/DylsDKZAeVg0mvi++0PYVceVyX7hemkw7OreKdCvW2oQ3T1FMZvCaQXqOTHb8qmBShoqk69Q==",
      "os": ["android"],
      "cpu": ["arm64"]
    },
    "@rollup/rollup-darwin-arm64@4.59.0": {
      "integrity": "sha512-W2Psnbh1J8ZJw0xKAd8zdNgF9HRLkdWwwdWqubSVk0pUuQkoHnv7rx4GiF9rT4t5DIZGAsConRE3AxCdJ4m8rg==",
      "os": ["darwin"],
      "cpu": ["arm64"]
    },
    "@rollup/rollup-darwin-x64@4.59.0": {
      "integrity": "sha512-ZW2KkwlS4lwTv7ZVsYDiARfFCnSGhzYPdiOU4IM2fDbL+QGlyAbjgSFuqNRbSthybLbIJ915UtZBtmuLrQAT/w==",
      "os": ["darwin"],
      "cpu": ["x64"]
    },
    "@rollup/rollup-freebsd-arm64@4.59.0": {
      "integrity": "sha512-EsKaJ5ytAu9jI3lonzn3BgG8iRBjV4LxZexygcQbpiU0wU0ATxhNVEpXKfUa0pS05gTcSDMKpn3Sx+QB9RlTTA==",
      "os": ["freebsd"],
      "cpu": ["arm64"]
    },
    "@rollup/rollup-freebsd-x64@4.59.0": {
      "integrity": "sha512-d3DuZi2KzTMjImrxoHIAODUZYoUUMsuUiY4SRRcJy6NJoZ6iIqWnJu9IScV9jXysyGMVuW+KNzZvBLOcpdl3Vg==",
      "os": ["freebsd"],
      "cpu": ["x64"]
    },
    "@rollup/rollup-linux-arm-gnueabihf@4.59.0": {
      "integrity": "sha512-t4ONHboXi/3E0rT6OZl1pKbl2Vgxf9vJfWgmUoCEVQVxhW6Cw/c8I6hbbu7DAvgp82RKiH7TpLwxnJeKv2pbsw==",
      "os": ["linux"],
      "cpu": ["arm"]
    },
    "@rollup/rollup-linux-arm-musleabihf@4.59.0": {
      "integrity": "sha512-CikFT7aYPA2ufMD086cVORBYGHffBo4K8MQ4uPS/ZnY54GKj36i196u8U+aDVT2LX4eSMbyHtyOh7D7Zvk2VvA==",
      "os": ["linux"],
      "cpu": ["arm"]
    },
    "@rollup/rollup-linux-arm64-gnu@4.59.0": {
      "integrity": "sha512-jYgUGk5aLd1nUb1CtQ8E+t5JhLc9x5WdBKew9ZgAXg7DBk0ZHErLHdXM24rfX+bKrFe+Xp5YuJo54I5HFjGDAA==",
      "os": ["linux"],
      "cpu": ["arm64"]
    },
    "@rollup/rollup-linux-arm64-musl@4.59.0": {
      "integrity": "sha512-peZRVEdnFWZ5Bh2KeumKG9ty7aCXzzEsHShOZEFiCQlDEepP1dpUl/SrUNXNg13UmZl+gzVDPsiCwnV1uI0RUA==",
      "os": ["linux"],
      "cpu": ["arm64"]
    },
    "@rollup/rollup-linux-loong64-gnu@4.59.0": {
      "integrity": "sha512-gbUSW/97f7+r4gHy3Jlup8zDG190AuodsWnNiXErp9mT90iCy9NKKU0Xwx5k8VlRAIV2uU9CsMnEFg/xXaOfXg==",
      "os": ["linux"],
      "cpu": ["loong64"]
    },
    "@rollup/rollup-linux-loong64-musl@4.59.0": {
      "integrity": "sha512-yTRONe79E+o0FWFijasoTjtzG9EBedFXJMl888NBEDCDV9I2wGbFFfJQQe63OijbFCUZqxpHz1GzpbtSFikJ4Q==",
      "os": ["linux"],
      "cpu": ["loong64"]
    },
    "@rollup/rollup-linux-ppc64-gnu@4.59.0": {
      "integrity": "sha512-sw1o3tfyk12k3OEpRddF68a1unZ5VCN7zoTNtSn2KndUE+ea3m3ROOKRCZxEpmT9nsGnogpFP9x6mnLTCaoLkA==",
      "os": ["linux"],
      "cpu": ["ppc64"]
    },
    "@rollup/rollup-linux-ppc64-musl@4.59.0": {
      "integrity": "sha512-+2kLtQ4xT3AiIxkzFVFXfsmlZiG5FXYW7ZyIIvGA7Bdeuh9Z0aN4hVyXS/G1E9bTP/vqszNIN/pUKCk/BTHsKA==",
      "os": ["linux"],
      "cpu": ["ppc64"]
    },
    "@rollup/rollup-linux-riscv64-gnu@4.59.0": {
      "integrity": "sha512-NDYMpsXYJJaj+I7UdwIuHHNxXZ/b/N2hR15NyH3m2qAtb/hHPA4g4SuuvrdxetTdndfj9b1WOmy73kcPRoERUg==",
      "os": ["linux"],
      "cpu": ["riscv64"]
    },
    "@rollup/rollup-linux-riscv64-musl@4.59.0": {
      "integrity": "sha512-nLckB8WOqHIf1bhymk+oHxvM9D3tyPndZH8i8+35p/1YiVoVswPid2yLzgX7ZJP0KQvnkhM4H6QZ5m0LzbyIAg==",
      "os": ["linux"],
      "cpu": ["riscv64"]
    },
    "@rollup/rollup-linux-s390x-gnu@4.59.0": {
      "integrity": "sha512-oF87Ie3uAIvORFBpwnCvUzdeYUqi2wY6jRFWJAy1qus/udHFYIkplYRW+wo+GRUP4sKzYdmE1Y3+rY5Gc4ZO+w==",
      "os": ["linux"],
      "cpu": ["s390x"]
    },
    "@rollup/rollup-linux-x64-gnu@4.59.0": {
      "integrity": "sha512-3AHmtQq/ppNuUspKAlvA8HtLybkDflkMuLK4DPo77DfthRb71V84/c4MlWJXixZz4uruIH4uaa07IqoAkG64fg==",
      "os": ["linux"],
      "cpu": ["x64"]
    },
    "@rollup/rollup-linux-x64-musl@4.59.0": {
      "integrity": "sha512-2UdiwS/9cTAx7qIUZB/fWtToJwvt0Vbo0zmnYt7ED35KPg13Q0ym1g442THLC7VyI6JfYTP4PiSOWyoMdV2/xg==",
      "os": ["linux"],
      "cpu": ["x64"]
    },
    "@rollup/rollup-openbsd-x64@4.59.0": {
      "integrity": "sha512-M3bLRAVk6GOwFlPTIxVBSYKUaqfLrn8l0psKinkCFxl4lQvOSz8ZrKDz2gxcBwHFpci0B6rttydI4IpS4IS/jQ==",
      "os": ["openbsd"],
      "cpu": ["x64"]
    },
    "@rollup/rollup-openharmony-arm64@4.59.0": {
      "integrity": "sha512-tt9KBJqaqp5i5HUZzoafHZX8b5Q2Fe7UjYERADll83O4fGqJ49O1FsL6LpdzVFQcpwvnyd0i+K/VSwu/o/nWlA==",
      "os": ["openharmony"],
      "cpu": ["arm64"]
    },
    "@rollup/rollup-win32-arm64-msvc@4.59.0": {
      "integrity": "sha512-V5B6mG7OrGTwnxaNUzZTDTjDS7F75PO1ae6MJYdiMu60sq0CqN5CVeVsbhPxalupvTX8gXVSU9gq+Rx1/hvu6A==",
      "os": ["win32"],
      "cpu": ["arm64"]
    },
    "@rollup/rollup-win32-ia32-msvc@4.59.0": {
      "integrity": "sha512-UKFMHPuM9R0iBegwzKF4y0C4J9u8C6MEJgFuXTBerMk7EJ92GFVFYBfOZaSGLu6COf7FxpQNqhNS4c4icUPqxA==",
      "os": ["win32"],
      "cpu": ["ia32"]
    },
    "@rollup/rollup-win32-x64-gnu@4.59.0": {
      "integrity": "sha512-laBkYlSS1n2L8fSo1thDNGrCTQMmxjYY5G0WFWjFFYZkKPjsMBsgJfGf4TLxXrF6RyhI60L8TMOjBMvXiTcxeA==",
      "os": ["win32"],
      "cpu": ["x64"]
    },
    "@rollup/rollup-win32-x64-msvc@4.59.0": {
      "integrity": "sha512-2HRCml6OztYXyJXAvdDXPKcawukWY2GpR5/nxKp4iBgiO3wcoEGkAaqctIbZcNB6KlUQBIqt8VYkNSj2397EfA==",
      "os": ["win32"],
      "cpu": ["x64"]
    },
    "@types/estree@1.0.8": {
      "integrity": "sha512-dWHzHa2WqEXI/O1E9OjrocMTKJl2mSrEolh1Iomrv6U+JuNwaHXsXx9bLu5gG7BUWFIN0skIQJQ/L1rIex4X6w=="
    },
    "esbuild@0.27.3": {
      "integrity": "sha512-8VwMnyGCONIs6cWue2IdpHxHnAjzxnw2Zr7MkVxB2vjmQ2ivqGFb4LEG3SMnv0Gb2F/G/2yA8zUaiL1gywDCCg==",
      "optionalDependencies": [
        "@esbuild/aix-ppc64",
        "@esbuild/android-arm",
        "@esbuild/android-arm64",
        "@esbuild/android-x64",
        "@esbuild/darwin-arm64",
        "@esbuild/darwin-x64",
        "@esbuild/freebsd-arm64",
        "@esbuild/freebsd-x64",
        "@esbuild/linux-arm",
        "@esbuild/linux-arm64",
        "@esbuild/linux-ia32",
        "@esbuild/linux-loong64",
        "@esbuild/linux-mips64el",
        "@esbuild/linux-ppc64",
        "@esbuild/linux-riscv64",
        "@esbuild/linux-s390x",
        "@esbuild/linux-x64",
        "@esbuild/netbsd-arm64",
        "@esbuild/netbsd-x64",
        "@esbuild/openbsd-arm64",
        "@esbuild/openbsd-x64",
        "@esbuild/openharmony-arm64",
        "@esbuild/sunos-x64",
        "@esbuild/win32-arm64",
        "@esbuild/win32-ia32",
        "@esbuild/win32-x64"
      ],
      "scripts": true,
      "bin": true
    },
    "fdir@6.5.0_picomatch@4.0.3": {
      "integrity": "sha512-tIbYtZbucOs0BRGqPJkshJUYdL+SDH7dVM8gjy+ERp3WAUjLEFJE+02kanyHtwjWOnwrKYBiwAmM0p4kLJAnXg==",
      "dependencies": [
        "picomatch"
      ],
      "optionalPeers": [
        "picomatch"
      ]
    },
    "fsevents@2.3.3": {
      "integrity": "sha512-5xoDfX+fL7faATnagmWPpbFtwh/R77WmMMqqHGS65C3vvB0YHrgF+B1YmZ3441tMj5n63k0212XNoJwzlhffQw==",
      "os": ["darwin"],
      "scripts": true
    },
    "nanoid@3.3.11": {
      "integrity": "sha512-N8SpfPUnUp1bK+PMYW8qSWdl9U+wwNWI4QKxOYDy9JAro3WMX7p2OeVRF9v+347pnakNevPmiHhNmZ2HbFA76w==",
      "bin": true
    },
    "picocolors@1.1.1": {
      "integrity": "sha512-xceH2snhtb5M9liqDsmEw56le376mTZkEX/jEb/RxNFyegNul7eNslCXP9FDj/Lcu0X8KEyMceP2ntpaHrDEVA=="
    },
    "picomatch@4.0.3": {
      "integrity": "sha512-5gTmgEY/sqK6gFXLIsQNH19lWb4ebPDLA4SdLP7dsWkIXHWlG66oPuVvXSGFPppYZz8ZDZq0dYYrbHfBCVUb1Q=="
    },
    "postcss@8.5.6": {
      "integrity": "sha512-3Ybi1tAuwAP9s0r1UQ2J4n5Y0G05bJkpUIO0/bI9MhwmD70S5aTWbXGBwxHrelT+XM1k6dM0pk+SwNkpTRN7Pg==",
      "dependencies": [
        "nanoid",
        "picocolors",
        "source-map-js"
      ]
    },
    "rollup@4.59.0": {
      "integrity": "sha512-2oMpl67a3zCH9H79LeMcbDhXW/UmWG/y2zuqnF2jQq5uq9TbM9TVyXvA4+t+ne2IIkBdrLpAaRQAvo7YI/Yyeg==",
      "dependencies": [
        "@types/estree"
      ],
      "optionalDependencies": [
        "@rollup/rollup-android-arm-eabi",
        "@rollup/rollup-android-arm64",
        "@rollup/rollup-darwin-arm64",
        "@rollup/rollup-darwin-x64",
        "@rollup/rollup-freebsd-arm64",
        "@rollup/rollup-freebsd-x64",
        "@rollup/rollup-linux-arm-gnueabihf",
        "@rollup/rollup-linux-arm-musleabihf",
        "@rollup/rollup-linux-arm64-gnu",
        "@rollup/rollup-linux-arm64-musl",
        "@rollup/rollup-linux-loong64-gnu",
        "@rollup/rollup-linux-loong64-musl",
        "@rollup/rollup-linux-ppc64-gnu",
        "@rollup/rollup-linux-ppc64-musl",
        "@rollup/rollup-linux-riscv64-gnu",
        "@rollup/rollup-linux-riscv64-musl",
        "@rollup/rollup-linux-s390x-gnu",
        "@rollup/rollup-linux-x64-gnu",
        "@rollup/rollup-linux-x64-musl",
        "@rollup/rollup-openbsd-x64",
        "@rollup/rollup-openharmony-arm64",
        "@rollup/rollup-win32-arm64-msvc",
        "@rollup/rollup-win32-ia32-msvc",
        "@rollup/rollup-win32-x64-gnu",
        "@rollup/rollup-win32-x64-msvc",
        "fsevents"
      ],
      "bin": true
    },
    "source-map-js@1.2.1": {
      "integrity": "sha512-UXWMKhLOwVKb728IUtQPXxfYU+usdybtUrK/8uGE8CQMvrhOpwvzDBwj0QhSL7MQc7vIsISBG8VQ8+IDQxpfQA=="
    },
    "tinyglobby@0.2.15_picomatch@4.0.3": {
      "integrity": "sha512-j2Zq4NyQYG5XMST4cbs02Ak8iJUdxRM0XI5QyxXuZOzKOINmWurp3smXu3y5wDcJrptwpSjgXHzIQxR0omXljQ==",
      "dependencies": [
        "fdir",
        "picomatch"
      ]
    },
    "vite@7.3.1_picomatch@4.0.3": {
      "integrity": "sha512-w+N7Hifpc3gRjZ63vYBXA56dvvRlNWRczTdmCBBa+CotUzAPf5b7YMdMR/8CQoeYE5LX3W4wj6RYTgonm1b9DA==",
      "dependencies": [
        "esbuild",
        "fdir",
        "picomatch",
        "postcss",
        "rollup",
        "tinyglobby"
      ],
      "optionalDependencies": [
        "fsevents"
      ],
      "bin": true
    }
  },
  "remote": {
    "https://deno.land/std@0.118.0/async/deadline.ts": "1d6ac7aeaee22f75eb86e4e105d6161118aad7b41ae2dd14f4cfd3bf97472b93",
    "https://deno.land/std@0.118.0/async/debounce.ts": "b2f693e4baa16b62793fd618de6c003b63228db50ecfe3bd51fc5f6dc0bc264b",
    "https://deno.land/std@0.118.0/async/deferred.ts": "ab60d46ba561abb3b13c0c8085d05797a384b9f182935f051dc67136817acdee",
    "https://deno.land/std@0.118.0/async/delay.ts": "f2d8ccaa8ebc26594bd8b0989edfd8a96257a714c1dee2fb54d986e5bdd840ac",
    "https://deno.land/std@0.118.0/async/mod.ts": "78425176fabea7bd1046ce3819fd69ce40da85c83e0f174d17e8e224a91f7d10",
    "https://deno.land/std@0.118.0/async/mux_async_iterator.ts": "62abff3af9ff619e8f2adc96fc70d4ca020fa48a50c23c13f12d02ed2b760dbe",
    "https://deno.land/std@0.118.0/async/pool.ts": "353ce4f91865da203a097aa6f33de8966340c91b6f4a055611c8c5d534afd12f",
    "https://deno.land/std@0.118.0/async/tee.ts": "3e9f2ef6b36e55188de16a667c702ace4ad0cf84e3720379160e062bf27348ad",
    "https://deno.land/std@0.118.0/http/server.ts": "d0be8a9da160255623e645f5b515fa1c6b65eecfbb9cad87ef8002d4f8d56616",
    "https://deno.land/std@0.161.0/_util/assert.ts": "e94f2eb37cebd7f199952e242c77654e43333c1ac4c5c700e929ea3aa5489f74",
    "https://deno.land/std@0.161.0/_util/os.ts": "8a33345f74990e627b9dfe2de9b040004b08ea5146c7c9e8fe9a29070d193934",
    "https://deno.land/std@0.161.0/encoding/base64.ts": "c57868ca7fa2fbe919f57f88a623ad34e3d970d675bdc1ff3a9d02bba7409db2",
    "https://deno.land/std@0.161.0/fmt/colors.ts": "9e36a716611dcd2e4865adea9c4bec916b5c60caad4cdcdc630d4974e6bb8bd4",
    "https://deno.land/std@0.161.0/path/_constants.ts": "df1db3ffa6dd6d1252cc9617e5d72165cd2483df90e93833e13580687b6083c3",
    "https://deno.land/std@0.161.0/path/_interface.ts": "ee3b431a336b80cf445441109d089b70d87d5e248f4f90ff906820889ecf8d09",
    "https://deno.land/std@0.161.0/path/_util.ts": "d16be2a16e1204b65f9d0dfc54a9bc472cafe5f4a190b3c8471ec2016ccd1677",
    "https://deno.land/std@0.161.0/path/common.ts": "bee563630abd2d97f99d83c96c2fa0cca7cee103e8cb4e7699ec4d5db7bd2633",
    "https://deno.land/std@0.161.0/path/glob.ts": "cb5255638de1048973c3e69e420c77dc04f75755524cb3b2e160fe9277d939ee",
    "https://deno.land/std@0.161.0/path/mod.ts": "56fec03ad0ebd61b6ab39ddb9b0ddb4c4a5c9f2f4f632e09dd37ec9ebfd722ac",
    "https://deno.land/std@0.161.0/path/posix.ts": "6b63de7097e68c8663c84ccedc0fd977656eb134432d818ecd3a4e122638ac24",
    "https://deno.land/std@0.161.0/path/separator.ts": "fe1816cb765a8068afb3e8f13ad272351c85cbc739af56dacfc7d93d710fe0f9",
    "https://deno.land/std@0.161.0/path/win32.ts": "ee8826dce087d31c5c81cd414714e677eb68febc40308de87a2ce4b40e10fb8d",
    "https://deno.land/std@0.210.0/assert/_constants.ts": "8a9da298c26750b28b326b297316cdde860bc237533b07e1337c021379e6b2a9",
    "https://deno.land/std@0.210.0/assert/_diff.ts": "2c9371f17cf08cbb843c924bc31ca77af422ec4fe162f73d42c651d547573fa8",
    "https://deno.land/std@0.210.0/assert/_format.ts": "335ce8e15c65b679ad142dbc9e5e97e5d58602c39dd3c9175cef6c85fe22d6d5",
    "https://deno.land/std@0.210.0/assert/assert.ts": "e265ad50a9341f3b40e51dd4cb41ab253d976943ba78a977106950e52e0302ab",
    "https://deno.land/std@0.210.0/assert/assert_almost_equals.ts": "a70d637856e1c6128dc733346d32aa73c67058489495116ca85091c39a60c767",
    "https://deno.land/std@0.210.0/assert/assert_array_includes.ts": "59d005d8897c1fbcbd5792170833f13a867f6a5ecd5a6b34a3d86b4b430de63c",
    "https://deno.land/std@0.210.0/assert/assert_equals.ts": "991b0c2b437a015d623654f758e48bfd931068211a52e8131b397cdf005c595f",
    "https://deno.land/std@0.210.0/assert/assert_exists.ts": "f24ecb0d3febad358a6cee235f012551077e07692517ebfe0630a561ba40a703",
    "https://deno.land/std@0.210.0/assert/assert_false.ts": "99cf237fe374cabf57072d2fb41b3eaff389029f850fbb96f643c875792f10ce",
    "https://deno.land/std@0.210.0/assert/assert_greater.ts": "e0bba9ac76a780573a864ab6eeb8b9fd71435b750bdd36d56a270e22ab9a79d9",
    "https://deno.land/std@0.210.0/assert/assert_greater_or_equal.ts": "aea1c7dc868926ba55f1e59f8c3560bb44706b5e3b6b009453ee4064eecf6746",
    "https://deno.land/std@0.210.0/assert/assert_instance_of.ts": "7c093d36b1a86666d5a60a8c290c91a51a627153b821a5a4dc40b24cab69f1e7",
    "https://deno.land/std@0.210.0/assert/assert_is_error.ts": "a8a758581661edec514c453910bee2f9c91b1346a515c58404963b130d81cd80",
    "https://deno.land/std@0.210.0/assert/assert_less.ts": "855aa58e49afa6a9e825f1abcd5947dc789c5878fc1b6f48b8a08115d48da32b",
    "https://deno.land/std@0.210.0/assert/assert_less_or_equal.ts": "2ae5246bd0e83da26e5c8e2815d1493252f71f7dc02afb83dc2fc0e0fb0bd894",
    "https://deno.land/std@0.210.0/assert/assert_match.ts": "e541a9769cf5726312ff9e15031e2faa2df3c59fbdc5573c8758b1f4668ccc62",
    "https://deno.land/std@0.210.0/assert/assert_not_equals.ts": "6bce4b28f3316029c0aef107f8390796798835c382d31c1004160baef0b80db0",
    "https://deno.land/std@0.210.0/assert/assert_not_instance_of.ts": "866243fd28bc6665e2ffcc027a9df1d2a69cb644aef1e9b8d1ce34377c6b8a84",
    "https://deno.land/std@0.210.0/assert/assert_not_match.ts": "59707eceb0d2b16d6892fbf92ec86f92fd76fcfc55f8b61508299db7d2972cab",
    "https://deno.land/std@0.210.0/assert/assert_not_strict_equals.ts": "c84b8e229450e8dfc44b9910d602788313ff7333d67d5bd8528371567b6a3632",
    "https://deno.land/std@0.210.0/assert/assert_object_match.ts": "ebeff248d48e5810f787e8742ae4f6b39904f4640edc2f69796596ceb6dbcdf8",
    "https://deno.land/std@0.210.0/assert/assert_rejects.ts": "f7e83272d816e1b39710012a0597ed950db2de6b193adcc5e50ddbcd9e177767",
    "https://deno.land/std@0.210.0/assert/assert_strict_equals.ts": "4007dabef1c2e9d6f1bb0e948ba7ba99ec9b1bee97ba34d67f7c10e7e5d794f7",
    "https://deno.land/std@0.210.0/assert/assert_string_includes.ts": "108a30d9348e5ff7a8b0b7cc836cf0a8cff27d5b33e861b8c56b52cc60b8219a",
    "https://deno.land/std@0.210.0/assert/assert_throws.ts": "a8767e6a06e94bac42ca9eebdad5d4e2decbc0c48bc892da7e06aa1fe0b388ba",
    "https://deno.land/std@0.210.0/assert/assertion_error.ts": "26ed1863d905005f00785c89750c001c3522c5417e4f58f95044b8143cfc1593",
    "https://deno.land/std@0.210.0/assert/equal.ts": "6f81c8a3b12c08bdc3510c8a1293b4db1c083692219d7e3828d2234b448d3d3d",
    "https://deno.land/std@0.210.0/assert/fail.ts": "f56fc64f9a141f98c1be5ff1005ddf158db888b7b206510e955bb3fedc69021c",
    "https://deno.land/std@0.210.0/assert/mod.ts": "37c49a26aae2b254bbe25723434dc28cd7532e444cf0b481a97c045d110ec085",
    "https://deno.land/std@0.210.0/assert/unimplemented.ts": "4e3e504792c87c485dbc5f4020489d8806ef697741403af2008dfa7b5a4711e8",
    "https://deno.land/std@0.210.0/assert/unreachable.ts": "1af8c99421cc5fb7332454b2b9eca074a4e394895a180bc837750dedcca75338",
    "https://deno.land/std@0.210.0/async/delay.ts": "d414b6ff5b597a3b8a90b1b860b675062a106ad0e311816256f4696aa40ec1a1",
    "https://deno.land/std@0.210.0/dotenv/load.ts": "0636983549b98f29ab75c9a22a42d9723f0a389ece5498fe971e7bb2556a12e2",
    "https://deno.land/std@0.210.0/dotenv/mod.ts": "55d51d0c244da70e10ccbbdb68644064ce19c8af1683289d16ac802ceef64c8c",
    "https://deno.land/std@0.210.0/dotenv/parse.ts": "d76ff5a59bd7c374a40249dc28bd15c740da0428559c838b1ea5644f561bff20",
    "https://deno.land/std@0.210.0/dotenv/stringify.ts": "df8c503a9d46c567f1daa6554211dcfbe05179f9b3ca3d9adc9d92a14987442e",
    "https://deno.land/std@0.210.0/fmt/colors.ts": "2685c524bef9b16b3059a417daf6860c754eb755e19e812762ef5dff62f24481",
    "https://deno.land/std@0.210.0/http/server.ts": "59a47779624ff748a058c6959d75fc5ca9f334d32b327344a2eec20561880b58",
    "https://deno.land/std@0.210.0/testing/asserts.ts": "605bbd2ef0695e2a4324d810c4ad22e56041d51afb9584fc0b4e81084b14b1d6",
    "https://deno.land/x/cliffy@v0.25.4/_utils/distance.ts": "02af166952c7c358ac83beae397aa2fbca4ad630aecfcd38d92edb1ea429f004",
    "https://deno.land/x/cliffy@v0.25.4/ansi/ansi_escapes.ts": "885f61f343223f27b8ec69cc138a54bea30542924eacd0f290cd84edcf691387",
    "https://deno.land/x/cliffy@v0.25.4/ansi/chain.ts": "31fb9fcbf72fed9f3eb9b9487270d2042ccd46a612d07dd5271b1a80ae2140a0",
    "https://deno.land/x/cliffy@v0.25.4/ansi/cursor_position.ts": "d537491e31d9c254b208277448eff92ff7f55978c4928dea363df92c0df0813f",
    "https://deno.land/x/cliffy@v0.25.4/ansi/deps.ts": "73ade5630e81216ede16a2908937cf55134290bb1822220df20ce4ba2d1ad337",
    "https://deno.land/x/cliffy@v0.25.4/ansi/tty.ts": "8fb064c17ead6cdf00c2d3bc87a9fd17b1167f2daa575c42b516f38bdb604673",
    "https://deno.land/x/cliffy@v0.25.4/keycode/key_code.ts": "b768c9227b8142cff3beb0a0bbe5d9119ba085c7f520f71799916f17d93a8daf",
    "https://deno.land/x/cliffy@v0.25.4/keycode/key_codes.ts": "917f0a2da0dbace08cf29bcfdaaa2257da9fe7e705fff8867d86ed69dfb08cfe",
    "https://deno.land/x/cliffy@v0.25.4/keycode/mod.ts": "292d2f295316c6e0da6955042a7b31ab2968ff09f2300541d00f05ed6c2aa2d4",
    "https://deno.land/x/cliffy@v0.25.4/prompt/_generic_input.ts": "65ed92d1f7ee616cc2926ae4d9b94445ac785fa6a6f584793e572dfcda8700eb",
    "https://deno.land/x/cliffy@v0.25.4/prompt/_generic_list.ts": "85ab9aeb5b2288d9d4ef47ead6ea591bd1954ada113e3ff0d355b0670b576bad",
    "https://deno.land/x/cliffy@v0.25.4/prompt/_generic_prompt.ts": "8b4a7d8c23a42cbdaa919fdb9b33b9eac33e5214a41202f5a8110ec988ee8e3c",
    "https://deno.land/x/cliffy@v0.25.4/prompt/_generic_suggestions.ts": "42b9a8f6d447d0dde1b904c2fc9f47bb04da2cfa2670ade4f459b1ec306aa194",
    "https://deno.land/x/cliffy@v0.25.4/prompt/_utils.ts": "676cca30762656ed1a9bcb21a7254244278a23ffc591750e98a501644b6d2df3",
    "https://deno.land/x/cliffy@v0.25.4/prompt/checkbox.ts": "4e00e94efcd7a9917101f719564b3bf98a7aee0986bb004a4a75125081538b9d",
    "https://deno.land/x/cliffy@v0.25.4/prompt/confirm.ts": "9de9fd0e51f939bac0c6a5758bf6c9aa438d5916de196761091d689c6f950cf0",
    "https://deno.land/x/cliffy@v0.25.4/prompt/deps.ts": "12d5b88381ba80a3d6c173dea82e715b106087825602731d01322ea6499ba0d2",
    "https://deno.land/x/cliffy@v0.25.4/prompt/figures.ts": "26af0fbfe21497220e4b887bb550fab997498cde14703b98e78faf370fbb4b94",
    "https://deno.land/x/cliffy@v0.25.4/prompt/input.ts": "5c579a21150228528e81d219dab23503b5d497bb511ccad72c34db3d323c580f",
    "https://deno.land/x/cliffy@v0.25.4/prompt/list.ts": "b13e05359ea98f058f950062814219d32d4cde131dd1cdc6e239814f6d321d98",
    "https://deno.land/x/cliffy@v0.25.4/prompt/mod.ts": "195aed14d10d279914eaa28c696dec404d576ca424c097a5bc2b4a7a13b66c89",
    "https://deno.land/x/cliffy@v0.25.4/prompt/number.ts": "65766e272f4fb96d35b3e6f54673987f81119315b2e843ae60516b064eb5ac04",
    "https://deno.land/x/cliffy@v0.25.4/prompt/prompt.ts": "7752e9d37dc10e793b260971415e65bcb7d2b3b7b5a8e3279c6785e6bf24fa61",
    "https://deno.land/x/cliffy@v0.25.4/prompt/secret.ts": "799986d32f0a7386f8502d42ccabfd1b9dc57d2189ac9457867d8ac64b5dcc19",
    "https://deno.land/x/cliffy@v0.25.4/prompt/select.ts": "daf9db5a1c07e51c32a94313c9d29faf3b58ab4f547b5331cdcfa6b655e42be5",
    "https://deno.land/x/cliffy@v0.25.4/prompt/toggle.ts": "16a8aa3f4f22db7d4705cd263569d547b6540c53b057e64a4c4028b610dd1920"
  }
}
